
Microsoft Visual Studio Solution File, Format Version 11.00
# Visual Studio 2010
Project("{2150E333-8FDC-42A3-9474-1A3956D46DE8}") = "Dependencies", "Dependencies", "{6D225FB9-130C-4074-8CF8-A344CDB990F1}"
	ProjectSection(SolutionItems) = preProject
		Dependencies\CodePlexFunctions.ps1 = Dependencies\CodePlexFunctions.ps1
		Dependencies\ICSharpCode.SharpZipLib.dll = Dependencies\ICSharpCode.SharpZipLib.dll
	EndProjectSection
EndProject
Project("{2150E333-8FDC-42A3-9474-1A3956D46DE8}") = "Solution Items", "Solution Items", "{A0D74C99-9FDC-403C-811A-0DD9B466AF50}"
	ProjectSection(SolutionItems) = preProject
		Build-TfsDeployer.ps1 = Build-TfsDeployer.ps1
		build.cmd = build.cmd
		LocalTestRun.testrunconfig = LocalTestRun.testrunconfig
		TfsDeployer.6.0.ReSharper = TfsDeployer.6.0.ReSharper
		TfsDeployer.vsmdi = TfsDeployer.vsmdi
	EndProjectSection
EndProject
Project("{FAE04EC0-301F-11D3-BF4B-00C04F79EFBC}") = "TfsDeployer", "TfsDeployer\TfsDeployer.csproj", "{5203BC3C-5402-415E-BEEE-62A45D4AA8A0}"
	ProjectSection(ProjectDependencies) = postProject
		{604D8775-9748-49E0-B058-62661A5DC742} = {604D8775-9748-49E0-B058-62661A5DC742}
	EndProjectSection
EndProject
Project("{FAE04EC0-301F-11D3-BF4B-00C04F79EFBC}") = "Readify.Useful.TeamFoundation.Common", "Readify.Useful.TeamFoundation.Common\Readify.Useful.TeamFoundation.Common.csproj", "{7FEC9CED-38BA-4AA5-8270-CCA02AEA55EE}"
EndProject
Project("{FAE04EC0-301F-11D3-BF4B-00C04F79EFBC}") = "Tests.TfsDeployer", "Tests.TfsDeployer\Tests.TfsDeployer.csproj", "{2E5C759A-7EBE-4928-B673-7B124F1E607E}"
EndProject
Project("{FAE04EC0-301F-11D3-BF4B-00C04F79EFBC}") = "TfsDeployer.Web", "TfsDeployer.Web\TfsDeployer.Web.csproj", "{604D8775-9748-49E0-B058-62661A5DC742}"
EndProject
Project("{FAE04EC0-301F-11D3-BF4B-00C04F79EFBC}") = "TfsDeployer.Data", "TfsDeployer.Data\TfsDeployer.Data.csproj", "{A77AD549-8F87-45EC-8868-CD18AA603432}"
EndProject
Project("{FAE04EC0-301F-11D3-BF4B-00C04F79EFBC}") = "TfsDeployer.PowerShellAgent", "TfsDeployer.PowerShellAgent\TfsDeployer.PowerShellAgent.csproj", "{FF1BAD65-C39B-4983-8562-3F5C379F98AE}"
EndProject
Global
	GlobalSection(TeamFoundationVersionControl) = preSolution
		SccNumberOfProjects = 7
		SccEnterpriseProvider = {4CA58AB2-18FA-4F8D-95D4-32DDF27D184C}
		SccTeamFoundationServer = https://tfs.codeplex.com/tfs/tfs06
		SccLocalPath0 = .
		SccProjectUniqueName1 = TfsDeployer\\TfsDeployer.csproj
		SccProjectName1 = TfsDeployer
		SccLocalPath1 = TfsDeployer
		SccProjectUniqueName2 = Readify.Useful.TeamFoundation.Common\\Readify.Useful.TeamFoundation.Common.csproj
		SccProjectName2 = Readify.Useful.TeamFoundation.Common
		SccLocalPath2 = Readify.Useful.TeamFoundation.Common
		SccProjectUniqueName3 = Tests.TfsDeployer\\Tests.TfsDeployer.csproj
		SccProjectName3 = Tests.TfsDeployer
		SccLocalPath3 = Tests.TfsDeployer
		SccProjectUniqueName4 = TfsDeployer.Web\\TfsDeployer.Web.csproj
		SccProjectName4 = TfsDeployer.Web
		SccLocalPath4 = TfsDeployer.Web
		SccProjectUniqueName5 = TfsDeployer.Data\\TfsDeployer.Data.csproj
		SccProjectName5 = TfsDeployer.Data
		SccLocalPath5 = TfsDeployer.Data
		SccProjectUniqueName6 = TfsDeployer.PowerShellAgent\\TfsDeployer.PowerShellAgent.csproj
		SccProjectName6 = TfsDeployer.PowerShellAgent
		SccLocalPath6 = TfsDeployer.PowerShellAgent
	EndGlobalSection
	GlobalSection(TestCaseManagementSettings) = postSolution
		CategoryFile = TfsDeployer.vsmdi
	EndGlobalSection
	GlobalSection(SolutionConfigurationPlatforms) = preSolution
		Debug|Any CPU = Debug|Any CPU
		Debug|Mixed Platforms = Debug|Mixed Platforms
		Debug|x86 = Debug|x86
		Release|Any CPU = Release|Any CPU
		Release|Mixed Platforms = Release|Mixed Platforms
		Release|x86 = Release|x86
	EndGlobalSection
	GlobalSection(ProjectConfigurationPlatforms) = postSolution
		{5203BC3C-5402-415E-BEEE-62A45D4AA8A0}.Debug|Any CPU.ActiveCfg = Debug|Any CPU
		{5203BC3C-5402-415E-BEEE-62A45D4AA8A0}.Debug|Any CPU.Build.0 = Debug|Any CPU
		{5203BC3C-5402-415E-BEEE-62A45D4AA8A0}.Debug|Mixed Platforms.ActiveCfg = Debug|x86
		{5203BC3C-5402-415E-BEEE-62A45D4AA8A0}.Debug|Mixed Platforms.Build.0 = Debug|x86
		{5203BC3C-5402-415E-BEEE-62A45D4AA8A0}.Debug|x86.ActiveCfg = Debug|x86
		{5203BC3C-5402-415E-BEEE-62A45D4AA8A0}.Debug|x86.Build.0 = Debug|x86
		{5203BC3C-5402-415E-BEEE-62A45D4AA8A0}.Release|Any CPU.ActiveCfg = Release|Any CPU
		{5203BC3C-5402-415E-BEEE-62A45D4AA8A0}.Release|Any CPU.Build.0 = Release|Any CPU
		{5203BC3C-5402-415E-BEEE-62A45D4AA8A0}.Release|Mixed Platforms.ActiveCfg = Release|x86
		{5203BC3C-5402-415E-BEEE-62A45D4AA8A0}.Release|Mixed Platforms.Build.0 = Release|x86
		{5203BC3C-5402-415E-BEEE-62A45D4AA8A0}.Release|x86.ActiveCfg = Release|x86
		{5203BC3C-5402-415E-BEEE-62A45D4AA8A0}.Release|x86.Build.0 = Release|x86
		{7FEC9CED-38BA-4AA5-8270-CCA02AEA55EE}.Debug|Any CPU.ActiveCfg = Debug|Any CPU
		{7FEC9CED-38BA-4AA5-8270-CCA02AEA55EE}.Debug|Any CPU.Build.0 = Debug|Any CPU
		{7FEC9CED-38BA-4AA5-8270-CCA02AEA55EE}.Debug|Mixed Platforms.ActiveCfg = Debug|x86
		{7FEC9CED-38BA-4AA5-8270-CCA02AEA55EE}.Debug|Mixed Platforms.Build.0 = Debug|x86
		{7FEC9CED-38BA-4AA5-8270-CCA02AEA55EE}.Debug|x86.ActiveCfg = Debug|Any CPU
		{7FEC9CED-38BA-4AA5-8270-CCA02AEA55EE}.Debug|x86.Build.0 = Debug|Any CPU
		{7FEC9CED-38BA-4AA5-8270-CCA02AEA55EE}.Release|Any CPU.ActiveCfg = Release|Any CPU
		{7FEC9CED-38BA-4AA5-8270-CCA02AEA55EE}.Release|Any CPU.Build.0 = Release|Any CPU
		{7FEC9CED-38BA-4AA5-8270-CCA02AEA55EE}.Release|Mixed Platforms.ActiveCfg = Release|x86
		{7FEC9CED-38BA-4AA5-8270-CCA02AEA55EE}.Release|Mixed Platforms.Build.0 = Release|x86
		{7FEC9CED-38BA-4AA5-8270-CCA02AEA55EE}.Release|x86.ActiveCfg = Release|Any CPU
		{7FEC9CED-38BA-4AA5-8270-CCA02AEA55EE}.Release|x86.Build.0 = Release|Any CPU
		{2E5C759A-7EBE-4928-B673-7B124F1E607E}.Debug|Any CPU.ActiveCfg = Debug|Any CPU
		{2E5C759A-7EBE-4928-B673-7B124F1E607E}.Debug|Any CPU.Build.0 = Debug|Any CPU
		{2E5C759A-7EBE-4928-B673-7B124F1E607E}.Debug|Mixed Platforms.ActiveCfg = Debug|Any CPU
		{2E5C759A-7EBE-4928-B673-7B124F1E607E}.Debug|Mixed Platforms.Build.0 = Debug|Any CPU
		{2E5C759A-7EBE-4928-B673-7B124F1E607E}.Debug|x86.ActiveCfg = Debug|x86
		{2E5C759A-7EBE-4928-B673-7B124F1E607E}.Debug|x86.Build.0 = Debug|x86
		{2E5C759A-7EBE-4928-B673-7B124F1E607E}.Release|Any CPU.ActiveCfg = Release|Any CPU
		{2E5C759A-7EBE-4928-B673-7B124F1E607E}.Release|Any CPU.Build.0 = Release|Any CPU
		{2E5C759A-7EBE-4928-B673-7B124F1E607E}.Release|Mixed Platforms.ActiveCfg = Release|Any CPU
		{2E5C759A-7EBE-4928-B673-7B124F1E607E}.Release|Mixed Platforms.Build.0 = Release|Any CPU
		{2E5C759A-7EBE-4928-B673-7B124F1E607E}.Release|x86.ActiveCfg = Release|x86
		{2E5C759A-7EBE-4928-B673-7B124F1E607E}.Release|x86.Build.0 = Release|x86
		{604D8775-9748-49E0-B058-62661A5DC742}.Debug|Any CPU.ActiveCfg = Debug|Any CPU
		{604D8775-9748-49E0-B058-62661A5DC742}.Debug|Any CPU.Build.0 = Debug|Any CPU
		{604D8775-9748-49E0-B058-62661A5DC742}.Debug|Mixed Platforms.ActiveCfg = Debug|Any CPU
		{604D8775-9748-49E0-B058-62661A5DC742}.Debug|Mixed Platforms.Build.0 = Debug|Any CPU
		{604D8775-9748-49E0-B058-62661A5DC742}.Debug|x86.ActiveCfg = Debug|Any CPU
		{604D8775-9748-49E0-B058-62661A5DC742}.Release|Any CPU.ActiveCfg = Release|Any CPU
		{604D8775-9748-49E0-B058-62661A5DC742}.Release|Any CPU.Build.0 = Release|Any CPU
		{604D8775-9748-49E0-B058-62661A5DC742}.Release|Mixed Platforms.ActiveCfg = Release|Any CPU
		{604D8775-9748-49E0-B058-62661A5DC742}.Release|Mixed Platforms.Build.0 = Release|Any CPU
		{604D8775-9748-49E0-B058-62661A5DC742}.Release|x86.ActiveCfg = Release|Any CPU
		{A77AD549-8F87-45EC-8868-CD18AA603432}.Debug|Any CPU.ActiveCfg = Debug|Any CPU
		{A77AD549-8F87-45EC-8868-CD18AA603432}.Debug|Any CPU.Build.0 = Debug|Any CPU
		{A77AD549-8F87-45EC-8868-CD18AA603432}.Debug|Mixed Platforms.ActiveCfg = Debug|Any CPU
		{A77AD549-8F87-45EC-8868-CD18AA603432}.Debug|Mixed Platforms.Build.0 = Debug|Any CPU
		{A77AD549-8F87-45EC-8868-CD18AA603432}.Debug|x86.ActiveCfg = Debug|Any CPU
		{A77AD549-8F87-45EC-8868-CD18AA603432}.Release|Any CPU.ActiveCfg = Release|Any CPU
		{A77AD549-8F87-45EC-8868-CD18AA603432}.Release|Any CPU.Build.0 = Release|Any CPU
		{A77AD549-8F87-45EC-8868-CD18AA603432}.Release|Mixed Platforms.ActiveCfg = Release|Any CPU
		{A77AD549-8F87-45EC-8868-CD18AA603432}.Release|Mixed Platforms.Build.0 = Release|Any CPU
		{A77AD549-8F87-45EC-8868-CD18AA603432}.Release|x86.ActiveCfg = Release|Any CPU
		{FF1BAD65-C39B-4983-8562-3F5C379F98AE}.Debug|Any CPU.ActiveCfg = Debug|Any CPU
		{FF1BAD65-C39B-4983-8562-3F5C379F98AE}.Debug|Any CPU.Build.0 = Debug|Any CPU
		{FF1BAD65-C39B-4983-8562-3F5C379F98AE}.Debug|Mixed Platforms.ActiveCfg = Debug|Any CPU
		{FF1BAD65-C39B-4983-8562-3F5C379F98AE}.Debug|Mixed Platforms.Build.0 = Debug|Any CPU
		{FF1BAD65-C39B-4983-8562-3F5C379F98AE}.Debug|x86.ActiveCfg = Debug|Any CPU
		{FF1BAD65-C39B-4983-8562-3F5C379F98AE}.Release|Any CPU.ActiveCfg = Release|Any CPU
		{FF1BAD65-C39B-4983-8562-3F5C379F98AE}.Release|Any CPU.Build.0 = Release|Any CPU
		{FF1BAD65-C39B-4983-8562-3F5C379F98AE}.Release|Mixed Platforms.ActiveCfg = Release|Any CPU
		{FF1BAD65-C39B-4983-8562-3F5C379F98AE}.Release|Mixed Platforms.Build.0 = Release|Any CPU
		{FF1BAD65-C39B-4983-8562-3F5C379F98AE}.Release|x86.ActiveCfg = Release|Any CPU
	EndGlobalSection
	GlobalSection(SolutionProperties) = preSolution
		HideSolutionNode = FALSE
	EndGlobalSection
EndGlobal
